// !$*UTF8*$!
{
	archiveVersion = 1;
	classes = {
	};
	objectVersion = 56;
	objects = {

/* Begin PBXBuildFile section */
		0BE2FF2E2C0F9E3000ACC60E /* AppDelegate.swift in Sources */ = {isa = PBXBuildFile; fileRef = 0BE2FF2D2C0F9E3000ACC60E /* AppDelegate.swift */; };
		0BE2FF302C0F9E3000ACC60E /* SceneDelegate.swift in Sources */ = {isa = PBXBuildFile; fileRef = 0BE2FF2F2C0F9E3000ACC60E /* SceneDelegate.swift */; };
		0BE2FF372C0F9E3100ACC60E /* Assets.xcassets in Resources */ = {isa = PBXBuildFile; fileRef = 0BE2FF362C0F9E3100ACC60E /* Assets.xcassets */; };
		0BE2FF3A2C0F9E3100ACC60E /* LaunchScreen.storyboard in Resources */ = {isa = PBXBuildFile; fileRef = 0BE2FF382C0F9E3100ACC60E /* LaunchScreen.storyboard */; };
		0BE2FF432C10D2D400ACC60E /* Alamofire in Frameworks */ = {isa = PBXBuildFile; productRef = 0BE2FF422C10D2D400ACC60E /* Alamofire */; };
		0BE2FF462C10D2EA00ACC60E /* CombineCocoa in Frameworks */ = {isa = PBXBuildFile; productRef = 0BE2FF452C10D2EA00ACC60E /* CombineCocoa */; };
		0BE2FF492C10D30200ACC60E /* CombineExt in Frameworks */ = {isa = PBXBuildFile; productRef = 0BE2FF482C10D30200ACC60E /* CombineExt */; };
		0BE2FF4C2C10D30F00ACC60E /* Kingfisher in Frameworks */ = {isa = PBXBuildFile; productRef = 0BE2FF4B2C10D30F00ACC60E /* Kingfisher */; };
		0BE2FF5A2C10D57F00ACC60E /* Sorting.swift in Sources */ = {isa = PBXBuildFile; fileRef = 0BE2FF592C10D57F00ACC60E /* Sorting.swift */; };
		0BE2FF5C2C10D58800ACC60E /* Genre.swift in Sources */ = {isa = PBXBuildFile; fileRef = 0BE2FF5B2C10D58800ACC60E /* Genre.swift */; };
		0BE2FF5E2C10D59500ACC60E /* MediaType.swift in Sources */ = {isa = PBXBuildFile; fileRef = 0BE2FF5D2C10D59500ACC60E /* MediaType.swift */; };
		0BE2FF602C10D59E00ACC60E /* Paginated.swift in Sources */ = {isa = PBXBuildFile; fileRef = 0BE2FF5F2C10D59E00ACC60E /* Paginated.swift */; };
		0BE2FF622C10D5A700ACC60E /* Movie.swift in Sources */ = {isa = PBXBuildFile; fileRef = 0BE2FF612C10D5A700ACC60E /* Movie.swift */; };
		0BE2FF642C10D5B000ACC60E /* Show.swift in Sources */ = {isa = PBXBuildFile; fileRef = 0BE2FF632C10D5B000ACC60E /* Show.swift */; };
		0BE2FF662C10D65E00ACC60E /* ApiManager.swift in Sources */ = {isa = PBXBuildFile; fileRef = 0BE2FF652C10D65E00ACC60E /* ApiManager.swift */; };
		0BE2FF6A2C10E3CD00ACC60E /* ApiClient.swift in Sources */ = {isa = PBXBuildFile; fileRef = 0BE2FF692C10E3CD00ACC60E /* ApiClient.swift */; };
		0BE2FF6C2C10E94C00ACC60E /* MediaRepository.swift in Sources */ = {isa = PBXBuildFile; fileRef = 0BE2FF6B2C10E94C00ACC60E /* MediaRepository.swift */; };
		0BE2FF762C10EAE600ACC60E /* MediaCollectionViewCell.swift in Sources */ = {isa = PBXBuildFile; fileRef = 0BE2FF742C10EAE600ACC60E /* MediaCollectionViewCell.swift */; };
		0BE2FF772C10EAE600ACC60E /* MediaCollectionViewCell.xib in Resources */ = {isa = PBXBuildFile; fileRef = 0BE2FF752C10EAE600ACC60E /* MediaCollectionViewCell.xib */; };
		0BE2FF792C13937500ACC60E /* ImageUrlProvider.swift in Sources */ = {isa = PBXBuildFile; fileRef = 0BE2FF782C13937500ACC60E /* ImageUrlProvider.swift */; };
		0BE2FF7B2C13942B00ACC60E /* MoviesViewModel.swift in Sources */ = {isa = PBXBuildFile; fileRef = 0BE2FF7A2C13942B00ACC60E /* MoviesViewModel.swift */; };
		0BE2FF7E2C13944C00ACC60E /* MoviesViewController.swift in Sources */ = {isa = PBXBuildFile; fileRef = 0BE2FF7C2C13944C00ACC60E /* MoviesViewController.swift */; };
		0BE2FF7F2C13944C00ACC60E /* MoviesViewController.xib in Resources */ = {isa = PBXBuildFile; fileRef = 0BE2FF7D2C13944C00ACC60E /* MoviesViewController.xib */; };
		0BE2FF872C1398B500ACC60E /* ShowsViewModel.swift in Sources */ = {isa = PBXBuildFile; fileRef = 0BE2FF862C1398B500ACC60E /* ShowsViewModel.swift */; };
		0BE2FF8A2C1398C500ACC60E /* ShowsViewController.swift in Sources */ = {isa = PBXBuildFile; fileRef = 0BE2FF882C1398C500ACC60E /* ShowsViewController.swift */; };
		0BE2FF8B2C1398C500ACC60E /* ShowsViewController.xib in Resources */ = {isa = PBXBuildFile; fileRef = 0BE2FF892C1398C500ACC60E /* ShowsViewController.xib */; };
		0BE2FF8F2C139FD500ACC60E /* MainTabBarController.swift in Sources */ = {isa = PBXBuildFile; fileRef = 0BE2FF8E2C139FD500ACC60E /* MainTabBarController.swift */; };
		0BE2FF922C14355800ACC60E /* AlamofireNetworkActivityLogger in Frameworks */ = {isa = PBXBuildFile; productRef = 0BE2FF912C14355800ACC60E /* AlamofireNetworkActivityLogger */; };
/* End PBXBuildFile section */

/* Begin PBXFileReference section */
		0BE2FF2A2C0F9E3000ACC60E /* Filmino.app */ = {isa = PBXFileReference; explicitFileType = wrapper.application; includeInIndex = 0; path = Filmino.app; sourceTree = BUILT_PRODUCTS_DIR; };
		0BE2FF2D2C0F9E3000ACC60E /* AppDelegate.swift */ = {isa = PBXFileReference; lastKnownFileType = sourcecode.swift; path = AppDelegate.swift; sourceTree = "<group>"; };
		0BE2FF2F2C0F9E3000ACC60E /* SceneDelegate.swift */ = {isa = PBXFileReference; lastKnownFileType = sourcecode.swift; path = SceneDelegate.swift; sourceTree = "<group>"; };
		0BE2FF362C0F9E3100ACC60E /* Assets.xcassets */ = {isa = PBXFileReference; lastKnownFileType = folder.assetcatalog; path = Assets.xcassets; sourceTree = "<group>"; };
		0BE2FF392C0F9E3100ACC60E /* Base */ = {isa = PBXFileReference; lastKnownFileType = file.storyboard; name = Base; path = Base.lproj/LaunchScreen.storyboard; sourceTree = "<group>"; };
		0BE2FF3B2C0F9E3100ACC60E /* Info.plist */ = {isa = PBXFileReference; lastKnownFileType = text.plist.xml; path = Info.plist; sourceTree = "<group>"; };
		0BE2FF592C10D57F00ACC60E /* Sorting.swift */ = {isa = PBXFileReference; lastKnownFileType = sourcecode.swift; path = Sorting.swift; sourceTree = "<group>"; };
		0BE2FF5B2C10D58800ACC60E /* Genre.swift */ = {isa = PBXFileReference; lastKnownFileType = sourcecode.swift; path = Genre.swift; sourceTree = "<group>"; };
		0BE2FF5D2C10D59500ACC60E /* MediaType.swift */ = {isa = PBXFileReference; lastKnownFileType = sourcecode.swift; path = MediaType.swift; sourceTree = "<group>"; };
		0BE2FF5F2C10D59E00ACC60E /* Paginated.swift */ = {isa = PBXFileReference; lastKnownFileType = sourcecode.swift; path = Paginated.swift; sourceTree = "<group>"; };
		0BE2FF612C10D5A700ACC60E /* Movie.swift */ = {isa = PBXFileReference; lastKnownFileType = sourcecode.swift; path = Movie.swift; sourceTree = "<group>"; };
		0BE2FF632C10D5B000ACC60E /* Show.swift */ = {isa = PBXFileReference; lastKnownFileType = sourcecode.swift; path = Show.swift; sourceTree = "<group>"; };
		0BE2FF652C10D65E00ACC60E /* ApiManager.swift */ = {isa = PBXFileReference; lastKnownFileType = sourcecode.swift; path = ApiManager.swift; sourceTree = "<group>"; };
		0BE2FF692C10E3CD00ACC60E /* ApiClient.swift */ = {isa = PBXFileReference; lastKnownFileType = sourcecode.swift; path = ApiClient.swift; sourceTree = "<group>"; };
		0BE2FF6B2C10E94C00ACC60E /* MediaRepository.swift */ = {isa = PBXFileReference; lastKnownFileType = sourcecode.swift; path = MediaRepository.swift; sourceTree = "<group>"; };
		0BE2FF742C10EAE600ACC60E /* MediaCollectionViewCell.swift */ = {isa = PBXFileReference; lastKnownFileType = sourcecode.swift; path = MediaCollectionViewCell.swift; sourceTree = "<group>"; };
		0BE2FF752C10EAE600ACC60E /* MediaCollectionViewCell.xib */ = {isa = PBXFileReference; lastKnownFileType = file.xib; path = MediaCollectionViewCell.xib; sourceTree = "<group>"; };
		0BE2FF782C13937500ACC60E /* ImageUrlProvider.swift */ = {isa = PBXFileReference; lastKnownFileType = sourcecode.swift; path = ImageUrlProvider.swift; sourceTree = "<group>"; };
		0BE2FF7A2C13942B00ACC60E /* MoviesViewModel.swift */ = {isa = PBXFileReference; lastKnownFileType = sourcecode.swift; path = MoviesViewModel.swift; sourceTree = "<group>"; };
		0BE2FF7C2C13944C00ACC60E /* MoviesViewController.swift */ = {isa = PBXFileReference; lastKnownFileType = sourcecode.swift; path = MoviesViewController.swift; sourceTree = "<group>"; };
		0BE2FF7D2C13944C00ACC60E /* MoviesViewController.xib */ = {isa = PBXFileReference; lastKnownFileType = file.xib; path = MoviesViewController.xib; sourceTree = "<group>"; };
		0BE2FF862C1398B500ACC60E /* ShowsViewModel.swift */ = {isa = PBXFileReference; lastKnownFileType = sourcecode.swift; path = ShowsViewModel.swift; sourceTree = "<group>"; };
		0BE2FF882C1398C500ACC60E /* ShowsViewController.swift */ = {isa = PBXFileReference; lastKnownFileType = sourcecode.swift; path = ShowsViewController.swift; sourceTree = "<group>"; };
		0BE2FF892C1398C500ACC60E /* ShowsViewController.xib */ = {isa = PBXFileReference; lastKnownFileType = file.xib; path = ShowsViewController.xib; sourceTree = "<group>"; };
		0BE2FF8E2C139FD500ACC60E /* MainTabBarController.swift */ = {isa = PBXFileReference; lastKnownFileType = sourcecode.swift; path = MainTabBarController.swift; sourceTree = "<group>"; };
/* End PBXFileReference section */

/* Begin PBXFrameworksBuildPhase section */
		0BE2FF272C0F9E3000ACC60E /* Frameworks */ = {
			isa = PBXFrameworksBuildPhase;
			buildActionMask = 2147483647;
			files = (
				0BE2FF4C2C10D30F00ACC60E /* Kingfisher in Frameworks */,
				0BE2FF462C10D2EA00ACC60E /* CombineCocoa in Frameworks */,
				0BE2FF922C14355800ACC60E /* AlamofireNetworkActivityLogger in Frameworks */,
				0BE2FF492C10D30200ACC60E /* CombineExt in Frameworks */,
				0BE2FF432C10D2D400ACC60E /* Alamofire in Frameworks */,
			);
			runOnlyForDeploymentPostprocessing = 0;
		};
/* End PBXFrameworksBuildPhase section */

/* Begin PBXGroup section */
		0BE2FF212C0F9E3000ACC60E = {
			isa = PBXGroup;
			children = (
				0BE2FF2C2C0F9E3000ACC60E /* Filmino */,
				0BE2FF2B2C0F9E3000ACC60E /* Products */,
			);
			sourceTree = "<group>";
		};
		0BE2FF2B2C0F9E3000ACC60E /* Products */ = {
			isa = PBXGroup;
			children = (
				0BE2FF2A2C0F9E3000ACC60E /* Filmino.app */,
			);
			name = Products;
			sourceTree = "<group>";
		};
		0BE2FF2C2C0F9E3000ACC60E /* Filmino */ = {
			isa = PBXGroup;
			children = (
				0BE2FF2D2C0F9E3000ACC60E /* AppDelegate.swift */,
				0BE2FF2F2C0F9E3000ACC60E /* SceneDelegate.swift */,
				0BE2FF4D2C10D36F00ACC60E /* Scene */,
				0BE2FF502C10D39C00ACC60E /* Views */,
				0BE2FF512C10D3A600ACC60E /* Models */,
				0BE2FF522C10D3CD00ACC60E /* Networking */,
				0BE2FF532C10D3D600ACC60E /* Dependencies */,
				0BE2FF542C10D3DF00ACC60E /* Utilities */,
				0BE2FF552C10D3EE00ACC60E /* Resources */,
				0BE2FF3B2C0F9E3100ACC60E /* Info.plist */,
				0BE2FF562C10D3F800ACC60E /* Products */,
				0BE2FF572C10D40100ACC60E /* Frameworks */,
			);
			path = Filmino;
			sourceTree = "<group>";
		};
		0BE2FF4D2C10D36F00ACC60E /* Scene */ = {
			isa = PBXGroup;
			children = (
				0BE2FF8E2C139FD500ACC60E /* MainTabBarController.swift */,
				0BE2FF4F2C10D38C00ACC60E /* Movies */,
				0BE2FF4E2C10D37D00ACC60E /* Shows */,
			);
			path = Scene;
			sourceTree = "<group>";
		};
		0BE2FF4E2C10D37D00ACC60E /* Shows */ = {
			isa = PBXGroup;
			children = (
				0BE2FF892C1398C500ACC60E /* ShowsViewController.xib */,
				0BE2FF882C1398C500ACC60E /* ShowsViewController.swift */,
				0BE2FF862C1398B500ACC60E /* ShowsViewModel.swift */,
			);
			path = Shows;
			sourceTree = "<group>";
		};
		0BE2FF4F2C10D38C00ACC60E /* Movies */ = {
			isa = PBXGroup;
			children = (
				0BE2FF7D2C13944C00ACC60E /* MoviesViewController.xib */,
				0BE2FF7C2C13944C00ACC60E /* MoviesViewController.swift */,
				0BE2FF7A2C13942B00ACC60E /* MoviesViewModel.swift */,
			);
			path = Movies;
			sourceTree = "<group>";
		};
		0BE2FF502C10D39C00ACC60E /* Views */ = {
			isa = PBXGroup;
			children = (
				0BE2FF742C10EAE600ACC60E /* MediaCollectionViewCell.swift */,
				0BE2FF752C10EAE600ACC60E /* MediaCollectionViewCell.xib */,
			);
			path = Views;
			sourceTree = "<group>";
		};
		0BE2FF512C10D3A600ACC60E /* Models */ = {
			isa = PBXGroup;
			children = (
				0BE2FF592C10D57F00ACC60E /* Sorting.swift */,
				0BE2FF5B2C10D58800ACC60E /* Genre.swift */,
				0BE2FF5D2C10D59500ACC60E /* MediaType.swift */,
				0BE2FF5F2C10D59E00ACC60E /* Paginated.swift */,
				0BE2FF612C10D5A700ACC60E /* Movie.swift */,
				0BE2FF632C10D5B000ACC60E /* Show.swift */,
			);
			path = Models;
			sourceTree = "<group>";
		};
		0BE2FF522C10D3CD00ACC60E /* Networking */ = {
			isa = PBXGroup;
			children = (
				0BE2FF652C10D65E00ACC60E /* ApiManager.swift */,
				0BE2FF692C10E3CD00ACC60E /* ApiClient.swift */,
			);
			path = Networking;
			sourceTree = "<group>";
		};
		0BE2FF532C10D3D600ACC60E /* Dependencies */ = {
			isa = PBXGroup;
			children = (
				0BE2FF582C10D4A900ACC60E /* Repository */,
			);
			path = Dependencies;
			sourceTree = "<group>";
		};
		0BE2FF542C10D3DF00ACC60E /* Utilities */ = {
			isa = PBXGroup;
			children = (
				0BE2FF782C13937500ACC60E /* ImageUrlProvider.swift */,
			);
			path = Utilities;
			sourceTree = "<group>";
		};
		0BE2FF552C10D3EE00ACC60E /* Resources */ = {
			isa = PBXGroup;
			children = (
				0BE2FF362C0F9E3100ACC60E /* Assets.xcassets */,
				0BE2FF382C0F9E3100ACC60E /* LaunchScreen.storyboard */,
			);
			path = Resources;
			sourceTree = "<group>";
		};
		0BE2FF562C10D3F800ACC60E /* Products */ = {
			isa = PBXGroup;
			children = (
			);
			path = Products;
			sourceTree = "<group>";
		};
		0BE2FF572C10D40100ACC60E /* Frameworks */ = {
			isa = PBXGroup;
			children = (
			);
			path = Frameworks;
			sourceTree = "<group>";
		};
		0BE2FF582C10D4A900ACC60E /* Repository */ = {
			isa = PBXGroup;
			children = (
				0BE2FF6B2C10E94C00ACC60E /* MediaRepository.swift */,
			);
			path = Repository;
			sourceTree = "<group>";
		};
/* End PBXGroup section */

/* Begin PBXNativeTarget section */
		0BE2FF292C0F9E3000ACC60E /* Filmino */ = {
			isa = PBXNativeTarget;
			buildConfigurationList = 0BE2FF3E2C0F9E3100ACC60E /* Build configuration list for PBXNativeTarget "Filmino" */;
			buildPhases = (
				0BE2FF262C0F9E3000ACC60E /* Sources */,
				0BE2FF272C0F9E3000ACC60E /* Frameworks */,
				0BE2FF282C0F9E3000ACC60E /* Resources */,
			);
			buildRules = (
			);
			dependencies = (
			);
			name = Filmino;
			packageProductDependencies = (
				0BE2FF422C10D2D400ACC60E /* Alamofire */,
				0BE2FF452C10D2EA00ACC60E /* CombineCocoa */,
				0BE2FF482C10D30200ACC60E /* CombineExt */,
				0BE2FF4B2C10D30F00ACC60E /* Kingfisher */,
				0BE2FF912C14355800ACC60E /* AlamofireNetworkActivityLogger */,
			);
			productName = Filmino;
			productReference = 0BE2FF2A2C0F9E3000ACC60E /* Filmino.app */;
			productType = "com.apple.product-type.application";
		};
/* End PBXNativeTarget section */

/* Begin PBXProject section */
		0BE2FF222C0F9E3000ACC60E /* Project object */ = {
			isa = PBXProject;
			attributes = {
				BuildIndependentTargetsInParallel = 1;
				LastSwiftUpdateCheck = 1430;
				LastUpgradeCheck = 1430;
				TargetAttributes = {
					0BE2FF292C0F9E3000ACC60E = {
						CreatedOnToolsVersion = 14.3.1;
					};
				};
			};
			buildConfigurationList = 0BE2FF252C0F9E3000ACC60E /* Build configuration list for PBXProject "Filmino" */;
			compatibilityVersion = "Xcode 14.0";
			developmentRegion = en;
			hasScannedForEncodings = 0;
			knownRegions = (
				en,
				Base,
			);
			mainGroup = 0BE2FF212C0F9E3000ACC60E;
			packageReferences = (
				0BE2FF412C10D2D400ACC60E /* XCRemoteSwiftPackageReference "Alamofire" */,
				0BE2FF442C10D2EA00ACC60E /* XCRemoteSwiftPackageReference "CombineCocoa" */,
				0BE2FF472C10D30200ACC60E /* XCRemoteSwiftPackageReference "CombineExt" */,
				0BE2FF4A2C10D30F00ACC60E /* XCRemoteSwiftPackageReference "Kingfisher" */,
				0BE2FF902C14355800ACC60E /* XCRemoteSwiftPackageReference "AlamofireNetworkActivityLogger" */,
			);
			productRefGroup = 0BE2FF2B2C0F9E3000ACC60E /* Products */;
			projectDirPath = "";
			projectRoot = "";
			targets = (
				0BE2FF292C0F9E3000ACC60E /* Filmino */,
			);
		};
/* End PBXProject section */

/* Begin PBXResourcesBuildPhase section */
		0BE2FF282C0F9E3000ACC60E /* Resources */ = {
			isa = PBXResourcesBuildPhase;
			buildActionMask = 2147483647;
			files = (
				0BE2FF3A2C0F9E3100ACC60E /* LaunchScreen.storyboard in Resources */,
				0BE2FF772C10EAE600ACC60E /* MediaCollectionViewCell.xib in Resources */,
				0BE2FF372C0F9E3100ACC60E /* Assets.xcassets in Resources */,
				0BE2FF7F2C13944C00ACC60E /* MoviesViewController.xib in Resources */,
				0BE2FF8B2C1398C500ACC60E /* ShowsViewController.xib in Resources */,
			);
			runOnlyForDeploymentPostprocessing = 0;
		};
/* End PBXResourcesBuildPhase section */

/* Begin PBXSourcesBuildPhase section */
		0BE2FF262C0F9E3000ACC60E /* Sources */ = {
			isa = PBXSourcesBuildPhase;
			buildActionMask = 2147483647;
			files = (
				0BE2FF872C1398B500ACC60E /* ShowsViewModel.swift in Sources */,
				0BE2FF622C10D5A700ACC60E /* Movie.swift in Sources */,
				0BE2FF8F2C139FD500ACC60E /* MainTabBarController.swift in Sources */,
				0BE2FF662C10D65E00ACC60E /* ApiManager.swift in Sources */,
				0BE2FF762C10EAE600ACC60E /* MediaCollectionViewCell.swift in Sources */,
				0BE2FF7B2C13942B00ACC60E /* MoviesViewModel.swift in Sources */,
				0BE2FF5E2C10D59500ACC60E /* MediaType.swift in Sources */,
				0BE2FF5A2C10D57F00ACC60E /* Sorting.swift in Sources */,
				0BE2FF7E2C13944C00ACC60E /* MoviesViewController.swift in Sources */,
				0BE2FF8A2C1398C500ACC60E /* ShowsViewController.swift in Sources */,
				0BE2FF2E2C0F9E3000ACC60E /* AppDelegate.swift in Sources */,
				0BE2FF6C2C10E94C00ACC60E /* MediaRepository.swift in Sources */,
				0BE2FF792C13937500ACC60E /* ImageUrlProvider.swift in Sources */,
				0BE2FF302C0F9E3000ACC60E /* SceneDelegate.swift in Sources */,
				0BE2FF5C2C10D58800ACC60E /* Genre.swift in Sources */,
				0BE2FF642C10D5B000ACC60E /* Show.swift in Sources */,
				0BE2FF602C10D59E00ACC60E /* Paginated.swift in Sources */,
				0BE2FF6A2C10E3CD00ACC60E /* ApiClient.swift in Sources */,
			);
			runOnlyForDeploymentPostprocessing = 0;
		};
/* End PBXSourcesBuildPhase section */

/* Begin PBXVariantGroup section */
		0BE2FF382C0F9E3100ACC60E /* LaunchScreen.storyboard */ = {
			isa = PBXVariantGroup;
			children = (
				0BE2FF392C0F9E3100ACC60E /* Base */,
			);
			name = LaunchScreen.storyboard;
			sourceTree = "<group>";
		};
/* End PBXVariantGroup section */

/* Begin XCBuildConfiguration section */
		0BE2FF3C2C0F9E3100ACC60E /* Debug */ = {
			isa = XCBuildConfiguration;
			buildSettings = {
				ALWAYS_SEARCH_USER_PATHS = NO;
				CLANG_ANALYZER_NONNULL = YES;
				CLANG_ANALYZER_NUMBER_OBJECT_CONVERSION = YES_AGGRESSIVE;
				CLANG_CXX_LANGUAGE_STANDARD = "gnu++20";
				CLANG_ENABLE_MODULES = YES;
				CLANG_ENABLE_OBJC_ARC = YES;
				CLANG_ENABLE_OBJC_WEAK = YES;
				CLANG_WARN_BLOCK_CAPTURE_AUTORELEASING = YES;
				CLANG_WARN_BOOL_CONVERSION = YES;
				CLANG_WARN_COMMA = YES;
				CLANG_WARN_CONSTANT_CONVERSION = YES;
				CLANG_WARN_DEPRECATED_OBJC_IMPLEMENTATIONS = YES;
				CLANG_WARN_DIRECT_OBJC_ISA_USAGE = YES_ERROR;
				CLANG_WARN_DOCUMENTATION_COMMENTS = YES;
				CLANG_WARN_EMPTY_BODY = YES;
				CLANG_WARN_ENUM_CONVERSION = YES;
				CLANG_WARN_INFINITE_RECURSION = YES;
				CLANG_WARN_INT_CONVERSION = YES;
				CLANG_WARN_NON_LITERAL_NULL_CONVERSION = YES;
				CLANG_WARN_OBJC_IMPLICIT_RETAIN_SELF = YES;
				CLANG_WARN_OBJC_LITERAL_CONVERSION = YES;
				CLANG_WARN_OBJC_ROOT_CLASS = YES_ERROR;
				CLANG_WARN_QUOTED_INCLUDE_IN_FRAMEWORK_HEADER = YES;
				CLANG_WARN_RANGE_LOOP_ANALYSIS = YES;
				CLANG_WARN_STRICT_PROTOTYPES = YES;
				CLANG_WARN_SUSPICIOUS_MOVE = YES;
				CLANG_WARN_UNGUARDED_AVAILABILITY = YES_AGGRESSIVE;
				CLANG_WARN_UNREACHABLE_CODE = YES;
				CLANG_WARN__DUPLICATE_METHOD_MATCH = YES;
				COPY_PHASE_STRIP = NO;
				DEBUG_INFORMATION_FORMAT = dwarf;
				ENABLE_STRICT_OBJC_MSGSEND = YES;
				ENABLE_TESTABILITY = YES;
				GCC_C_LANGUAGE_STANDARD = gnu11;
				GCC_DYNAMIC_NO_PIC = NO;
				GCC_NO_COMMON_BLOCKS = YES;
				GCC_OPTIMIZATION_LEVEL = 0;
				GCC_PREPROCESSOR_DEFINITIONS = (
					"DEBUG=1",
					"$(inherited)",
				);
				GCC_WARN_64_TO_32_BIT_CONVERSION = YES;
				GCC_WARN_ABOUT_RETURN_TYPE = YES_ERROR;
				GCC_WARN_UNDECLARED_SELECTOR = YES;
				GCC_WARN_UNINITIALIZED_AUTOS = YES_AGGRESSIVE;
				GCC_WARN_UNUSED_FUNCTION = YES;
				GCC_WARN_UNUSED_VARIABLE = YES;
				IPHONEOS_DEPLOYMENT_TARGET = 16.4;
				MTL_ENABLE_DEBUG_INFO = INCLUDE_SOURCE;
				MTL_FAST_MATH = YES;
				ONLY_ACTIVE_ARCH = YES;
				SDKROOT = iphoneos;
				SWIFT_ACTIVE_COMPILATION_CONDITIONS = DEBUG;
				SWIFT_OPTIMIZATION_LEVEL = "-Onone";
			};
			name = Debug;
		};
		0BE2FF3D2C0F9E3100ACC60E /* Release */ = {
			isa = XCBuildConfiguration;
			buildSettings = {
				ALWAYS_SEARCH_USER_PATHS = NO;
				CLANG_ANALYZER_NONNULL = YES;
				CLANG_ANALYZER_NUMBER_OBJECT_CONVERSION = YES_AGGRESSIVE;
				CLANG_CXX_LANGUAGE_STANDARD = "gnu++20";
				CLANG_ENABLE_MODULES = YES;
				CLANG_ENABLE_OBJC_ARC = YES;
				CLANG_ENABLE_OBJC_WEAK = YES;
				CLANG_WARN_BLOCK_CAPTURE_AUTORELEASING = YES;
				CLANG_WARN_BOOL_CONVERSION = YES;
				CLANG_WARN_COMMA = YES;
				CLANG_WARN_CONSTANT_CONVERSION = YES;
				CLANG_WARN_DEPRECATED_OBJC_IMPLEMENTATIONS = YES;
				CLANG_WARN_DIRECT_OBJC_ISA_USAGE = YES_ERROR;
				CLANG_WARN_DOCUMENTATION_COMMENTS = YES;
				CLANG_WARN_EMPTY_BODY = YES;
				CLANG_WARN_ENUM_CONVERSION = YES;
				CLANG_WARN_INFINITE_RECURSION = YES;
				CLANG_WARN_INT_CONVERSION = YES;
				CLANG_WARN_NON_LITERAL_NULL_CONVERSION = YES;
				CLANG_WARN_OBJC_IMPLICIT_RETAIN_SELF = YES;
				CLANG_WARN_OBJC_LITERAL_CONVERSION = YES;
				CLANG_WARN_OBJC_ROOT_CLASS = YES_ERROR;
				CLANG_WARN_QUOTED_INCLUDE_IN_FRAMEWORK_HEADER = YES;
				CLANG_WARN_RANGE_LOOP_ANALYSIS = YES;
				CLANG_WARN_STRICT_PROTOTYPES = YES;
				CLANG_WARN_SUSPICIOUS_MOVE = YES;
				CLANG_WARN_UNGUARDED_AVAILABILITY = YES_AGGRESSIVE;
				CLANG_WARN_UNREACHABLE_CODE = YES;
				CLANG_WARN__DUPLICATE_METHOD_MATCH = YES;
				COPY_PHASE_STRIP = NO;
				DEBUG_INFORMATION_FORMAT = "dwarf-with-dsym";
				ENABLE_NS_ASSERTIONS = NO;
				ENABLE_STRICT_OBJC_MSGSEND = YES;
				GCC_C_LANGUAGE_STANDARD = gnu11;
				GCC_NO_COMMON_BLOCKS = YES;
				GCC_WARN_64_TO_32_BIT_CONVERSION = YES;
				GCC_WARN_ABOUT_RETURN_TYPE = YES_ERROR;
				GCC_WARN_UNDECLARED_SELECTOR = YES;
				GCC_WARN_UNINITIALIZED_AUTOS = YES_AGGRESSIVE;
				GCC_WARN_UNUSED_FUNCTION = YES;
				GCC_WARN_UNUSED_VARIABLE = YES;
				IPHONEOS_DEPLOYMENT_TARGET = 16.4;
				MTL_ENABLE_DEBUG_INFO = NO;
				MTL_FAST_MATH = YES;
				SDKROOT = iphoneos;
				SWIFT_COMPILATION_MODE = wholemodule;
				SWIFT_OPTIMIZATION_LEVEL = "-O";
				VALIDATE_PRODUCT = YES;
			};
			name = Release;
		};
		0BE2FF3F2C0F9E3100ACC60E /* Debug */ = {
			isa = XCBuildConfiguration;
			buildSettings = {
				ASSETCATALOG_COMPILER_APPICON_NAME = AppIcon;
				ASSETCATALOG_COMPILER_GLOBAL_ACCENT_COLOR_NAME = AccentColor;
				CODE_SIGN_STYLE = Automatic;
				CURRENT_PROJECT_VERSION = 1;
				GENERATE_INFOPLIST_FILE = YES;
				INFOPLIST_FILE = Filmino/Info.plist;
				INFOPLIST_KEY_UIApplicationSupportsIndirectInputEvents = YES;
				INFOPLIST_KEY_UILaunchStoryboardName = LaunchScreen;
				INFOPLIST_KEY_UISupportedInterfaceOrientations_iPad = "UIInterfaceOrientationPortrait UIInterfaceOrientationPortraitUpsideDown UIInterfaceOrientationLandscapeLeft UIInterfaceOrientationLandscapeRight";
				INFOPLIST_KEY_UISupportedInterfaceOrientations_iPhone = "UIInterfaceOrientationPortrait UIInterfaceOrientationLandscapeLeft UIInterfaceOrientationLandscapeRight";
				LD_RUNPATH_SEARCH_PATHS = (
					"$(inherited)",
					"@executable_path/Frameworks",
				);
				MARKETING_VERSION = 1.0;
				PRODUCT_BUNDLE_IDENTIFIER = "Mehmet-Furkan-Acikgoz.Filmino";
				PRODUCT_NAME = "$(TARGET_NAME)";
				SWIFT_EMIT_LOC_STRINGS = YES;
				SWIFT_VERSION = 5.0;
				TARGETED_DEVICE_FAMILY = "1,2";
			};
			name = Debug;
		};
		0BE2FF402C0F9E3100ACC60E /* Release */ = {
			isa = XCBuildConfiguration;
			buildSettings = {
				ASSETCATALOG_COMPILER_APPICON_NAME = AppIcon;
				ASSETCATALOG_COMPILER_GLOBAL_ACCENT_COLOR_NAME = AccentColor;
				CODE_SIGN_STYLE = Automatic;
				CURRENT_PROJECT_VERSION = 1;
				GENERATE_INFOPLIST_FILE = YES;
				INFOPLIST_FILE = Filmino/Info.plist;
				INFOPLIST_KEY_UIApplicationSupportsIndirectInputEvents = YES;
				INFOPLIST_KEY_UILaunchStoryboardName = LaunchScreen;
				INFOPLIST_KEY_UISupportedInterfaceOrientations_iPad = "UIInterfaceOrientationPortrait UIInterfaceOrientationPortraitUpsideDown UIInterfaceOrientationLandscapeLeft UIInterfaceOrientationLandscapeRight";
				INFOPLIST_KEY_UISupportedInterfaceOrientations_iPhone = "UIInterfaceOrientationPortrait UIInterfaceOrientationLandscapeLeft UIInterfaceOrientationLandscapeRight";
				LD_RUNPATH_SEARCH_PATHS = (
					"$(inherited)",
					"@executable_path/Frameworks",
				);
				MARKETING_VERSION = 1.0;
				PRODUCT_BUNDLE_IDENTIFIER = "Mehmet-Furkan-Acikgoz.Filmino";
				PRODUCT_NAME = "$(TARGET_NAME)";
				SWIFT_EMIT_LOC_STRINGS = YES;
				SWIFT_VERSION = 5.0;
				TARGETED_DEVICE_FAMILY = "1,2";
			};
			name = Release;
		};
/* End XCBuildConfiguration section */

/* Begin XCConfigurationList section */
		0BE2FF252C0F9E3000ACC60E /* Build configuration list for PBXProject "Filmino" */ = {
			isa = XCConfigurationList;
			buildConfigurations = (
				0BE2FF3C2C0F9E3100ACC60E /* Debug */,
				0BE2FF3D2C0F9E3100ACC60E /* Release */,
			);
			defaultConfigurationIsVisible = 0;
			defaultConfigurationName = Release;
		};
		0BE2FF3E2C0F9E3100ACC60E /* Build configuration list for PBXNativeTarget "Filmino" */ = {
			isa = XCConfigurationList;
			buildConfigurations = (
				0BE2FF3F2C0F9E3100ACC60E /* Debug */,
				0BE2FF402C0F9E3100ACC60E /* Release */,
			);
			defaultConfigurationIsVisible = 0;
			defaultConfigurationName = Release;
		};
/* End XCConfigurationList section */

/* Begin XCRemoteSwiftPackageReference section */
		0BE2FF412C10D2D400ACC60E /* XCRemoteSwiftPackageReference "Alamofire" */ = {
			isa = XCRemoteSwiftPackageReference;
			repositoryURL = "https://github.com/Alamofire/Alamofire.git";
			requirement = {
				kind = upToNextMajorVersion;
				minimumVersion = 5.0.0;
			};
		};
		0BE2FF442C10D2EA00ACC60E /* XCRemoteSwiftPackageReference "CombineCocoa" */ = {
			isa = XCRemoteSwiftPackageReference;
			repositoryURL = "https://github.com/CombineCommunity/CombineCocoa.git";
			requirement = {
				kind = upToNextMajorVersion;
				minimumVersion = 0.4.1;
			};
		};
		0BE2FF472C10D30200ACC60E /* XCRemoteSwiftPackageReference "CombineExt" */ = {
			isa = XCRemoteSwiftPackageReference;
			repositoryURL = "https://github.com/CombineCommunity/CombineExt.git";
			requirement = {
				kind = upToNextMajorVersion;
				minimumVersion = 1.0.0;
			};
		};
		0BE2FF4A2C10D30F00ACC60E /* XCRemoteSwiftPackageReference "Kingfisher" */ = {
			isa = XCRemoteSwiftPackageReference;
			repositoryURL = "https://github.com/onevcat/Kingfisher";
			requirement = {
				kind = upToNextMajorVersion;
				minimumVersion = 7.0.0;
			};
		};
		0BE2FF902C14355800ACC60E /* XCRemoteSwiftPackageReference "AlamofireNetworkActivityLogger" */ = {
			isa = XCRemoteSwiftPackageReference;
			repositoryURL = "https://github.com/konkab/AlamofireNetworkActivityLogger.git";
			requirement = {
				kind = upToNextMajorVersion;
				minimumVersion = 3.0.0;
			};
		};
/* End XCRemoteSwiftPackageReference section */

/* Begin XCSwiftPackageProductDependency section */
		0BE2FF422C10D2D400ACC60E /* Alamofire */ = {
			isa = XCSwiftPackageProductDependency;
			package = 0BE2FF412C10D2D400ACC60E /* XCRemoteSwiftPackageReference "Alamofire" */;
			productName = Alamofire;
		};
		0BE2FF452C10D2EA00ACC60E /* CombineCocoa */ = {
			isa = XCSwiftPackageProductDependency;
			package = 0BE2FF442C10D2EA00ACC60E /* XCRemoteSwiftPackageReference "CombineCocoa" */;
			productName = CombineCocoa;
		};
		0BE2FF482C10D30200ACC60E /* CombineExt */ = {
			isa = XCSwiftPackageProductDependency;
			package = 0BE2FF472C10D30200ACC60E /* XCRemoteSwiftPackageReference "CombineExt" */;
			productName = CombineExt;
		};
		0BE2FF4B2C10D30F00ACC60E /* Kingfisher */ = {
			isa = XCSwiftPackageProductDependency;
			package = 0BE2FF4A2C10D30F00ACC60E /* XCRemoteSwiftPackageReference "Kingfisher" */;
			productName = Kingfisher;
		};
		0BE2FF912C14355800ACC60E /* AlamofireNetworkActivityLogger */ = {
			isa = XCSwiftPackageProductDependency;
			package = 0BE2FF902C14355800ACC60E /* XCRemoteSwiftPackageReference "AlamofireNetworkActivityLogger" */;
			productName = AlamofireNetworkActivityLogger;
		};
/* End XCSwiftPackageProductDependency section */
	};
	rootObject = 0BE2FF222C0F9E3000ACC60E /* Project object */;
}
